
Microsoft Visual Studio Solution File, Format Version 12.00
# Visual Studio Version 17
VisualStudioVersion = 17.11.35312.102
MinimumVisualStudioVersion = 10.0.40219.1
Project("{FAE04EC0-301F-11D3-BF4B-00C04F79EFBC}") = "ContemporaryAPI", "ContemporaryAPI\ContemporaryAPI.csproj", "{CC6E63D1-5EA8-4BB2-86C0-F3A4586DC2B2}"
EndProject
Global
	GlobalSection(SolutionConfigurationPlatforms) = preSolution
		Debug|Any CPU = Debug|Any CPU
		Release|Any CPU = Release|Any CPU
	EndGlobalSection
	GlobalSection(ProjectConfigurationPlatforms) = postSolution
		{CC6E63D1-5EA8-4BB2-86C0-F3A4586DC2B2}.Debug|Any CPU.ActiveCfg = Debug|Any CPU
		{CC6E63D1-5EA8-4BB2-86C0-F3A4586DC2B2}.Debug|Any CPU.Build.0 = Debug|Any CPU
		{CC6E63D1-5EA8-4BB2-86C0-F3A4586DC2B2}.Release|Any CPU.ActiveCfg = Release|Any CPU
		{CC6E63D1-5EA8-4BB2-86C0-F3A4586DC2B2}.Release|Any CPU.Build.0 = Release|Any CPU
	EndGlobalSection
	GlobalSection(SolutionProperties) = preSolution
		HideSolutionNode = FALSE
	EndGlobalSection
	GlobalSection(ExtensibilityGlobals) = postSolution
		SolutionGuid = {887B5B72-5590-496A-A88F-07C43F256E7B}
	EndGlobalSection
EndGlobal
